{
  "version": 1,
  "lockedAt": "2026-05-06T12:21:59.436Z",
  "skills": {
    "blog": {
      "source": {
        "type": "local",
        "name": "personal",
        "path": "/Users/joe/.skill-sync/skills/blog",
        "fetchedAt": "2026-05-06T12:21:59.334Z"
      },
      "installMode": "mirror",
      "files": {
        "references/critique.md": {
          "sha256": "d78d4622a4c33afc7e505fdb2dcdc8b633585049d91b04c6dfa23f2e3770e0e1",
          "size": 2013
        },
        "SKILL.md": {
          "sha256": "26382c08807bfb516034f883689fde5a91c6974089138e366f95dbd6f164a073",
          "size": 3560
        },
        "skill.yaml": {
          "sha256": "aa5ae37ee34c1ddfd90617ebd9a87bd5993b89d3a96d90445411d5123d1b2faf",
          "size": 120
        }
      }
    },
    "code": {
      "source": {
        "type": "local",
        "name": "personal",
        "path": "/Users/joe/.skill-sync/skills/code",
        "fetchedAt": "2026-05-06T12:21:59.340Z"
      },
      "installMode": "mirror",
      "files": {
        "references/compare.md": {
          "sha256": "225467c450947cfea167667b53f3962724860d918f04fbcbd7e3c984a663978f",
          "size": 770
        },
        "references/five-axis-review.md": {
          "sha256": "13150ef9461ab4fa8e22cfba2d5f15b9447fa031b1af9defe19138f70416a8a2",
          "size": 3873
        },
        "references/handoff.md": {
          "sha256": "37ecdbe8e88662d8bda26b8b87412081750ba1e23fb804a68e0803fe7cf7e8c2",
          "size": 695
        },
        "references/iterate.md": {
          "sha256": "9b969fbb22b32c75f0cda4e8802c3a4b129531324ea27e365fc0dad8fc6b3de9",
          "size": 1335
        },
        "references/shrink.md": {
          "sha256": "e4aa09578f50e8661b66e8947c90192159a79bb1e50d91a00978e170cafd9988",
          "size": 721
        },
        "SKILL.md": {
          "sha256": "ad2a41fd0fe98d43391ba72807aca3c7512fef983b5109053a4b51d4863b81c7",
          "size": 4591
        },
        "skill.yaml": {
          "sha256": "d828f5f4c7075ad76083914ad5b3525bb3ab16d59ba0c293cb8d1f2759cf75bf",
          "size": 1044
        }
      }
    },
    "test": {
      "source": {
        "type": "local",
        "name": "personal",
        "path": "/Users/joe/.skill-sync/skills/test",
        "fetchedAt": "2026-05-06T11:46:32.519Z"
      },
      "installMode": "mirror",
      "files": {
        "references/perf.md": {
          "sha256": "7ce139984b802619008cd8dfe24feb5a1c2aa9c02249e54bd780ecc7cfe546c9",
          "size": 922
        },
        "SKILL.md": {
          "sha256": "0298d01275bf6e571d1b908bda15d91cf3b9c9f76989b9c843ce1edd32ce3448",
          "size": 2520
        },
        "skill.yaml": {
          "sha256": "58a892c4641cea9cfb10e08f8c91c5d6c728d3cafc43fa8c8d9ed6ede4c23f27",
          "size": 405
        }
      }
    },
    "docs": {
      "source": {
        "type": "local",
        "name": "personal",
        "path": "/Users/joe/.skill-sync/skills/docs",
        "fetchedAt": "2026-05-06T11:46:32.520Z"
      },
      "installMode": "mirror",
      "files": {
        "SKILL.md": {
          "sha256": "ca18bd636d8b511a9a70b72b59add5aa68d76ba10984281c5fa35eb31205b0a3",
          "size": 2549
        },
        "skill.yaml": {
          "sha256": "b348d06c928d986a3714d5337723e59c40a45939e31405a8de2019171de32970",
          "size": 204
        }
      }
    },
    "todo": {
      "source": {
        "type": "local",
        "name": "personal",
        "path": "/Users/joe/.skill-sync/skills/todo",
        "fetchedAt": "2026-05-06T12:21:59.344Z"
      },
      "installMode": "mirror",
      "files": {
        "defaults/TODO_ENTRY_TEMPLATE.yaml": {
          "sha256": "56c4549dcf488b7b33aaea51d1d22669527191443cfd14ab6e32b43ec0fd5552",
          "size": 7515
        },
        "defaults/TODO_SCHEMA.yaml": {
          "sha256": "8c400ff2bfbb6e504c1d9b22d7cc1e28476c0949b93c9a130e4e1c775c6a19da",
          "size": 8773
        },
        "references/structure.md": {
          "sha256": "230c2584a274a10f04c296ce822a5322a41f56ef1c4e87eaf977ee3377d633a6",
          "size": 1464
        },
        "SKILL.md": {
          "sha256": "defe714d13399892709e9a85d0de6500a696ea69dd5608f0b978d3ec1e0b1614",
          "size": 4618
        },
        "skill.yaml": {
          "sha256": "02fb9215abb958fbb853438905ee2fab5eaf49c9cc820033edb23c992313fe20",
          "size": 298
        }
      }
    },
    "benchbox": {
      "source": {
        "type": "local",
        "name": "personal",
        "path": "/Users/joe/.skill-sync/skills/benchbox",
        "fetchedAt": "2026-05-06T11:46:32.525Z"
      },
      "installMode": "mirror",
      "files": {
        "references/architecture.md": {
          "sha256": "fd90971630c08e93c8edc6d549da9a758f565981f8e25a376c87bef263797bee",
          "size": 562
        },
        "references/binary.md": {
          "sha256": "4ad626f9ae5d711c69f0bff7250c38f43c3c27f5acb2470769a0eed0178a92f5",
          "size": 481
        },
        "references/compare.md": {
          "sha256": "1f3dbc50dd46069b6654d833595cdbcebbafad4e0d05c81ec66ae119d4f56346",
          "size": 475
        },
        "references/compliance.md": {
          "sha256": "09190b046521c367495bedbb06a4c08bdf25d6c311e8af6f03c30c87b93d7db6",
          "size": 485
        },
        "references/dialect.md": {
          "sha256": "b4be36352ad193d70d71337353bb781e7f7c16755803abfc5040a5a8b8bde246",
          "size": 499
        },
        "references/live.md": {
          "sha256": "32394d63716c022d51d2c8525101f0158c2c7dd293c49dee76922b1aaee49b54",
          "size": 519
        },
        "references/plan.md": {
          "sha256": "f0a6a6382ed1ede71f9e35d49da8f3d1ae12a83a91c4b54306debf31227241ac",
          "size": 700
        },
        "references/quality.md": {
          "sha256": "eb1bdef3d86edb12dccc15d96af3f90f2d89f408f100605383ff0d14d258032c",
          "size": 471
        },
        "references/test.md": {
          "sha256": "e8028378a9f13c7b748eee201335b7448c52ccbb4fc68c3f9271fab8954d15db",
          "size": 585
        },
        "SKILL.md": {
          "sha256": "496c6b1b01f6da0fd92319cb1a34c11bf224c03c5b0298fee8d0ec09ec16eb14",
          "size": 2904
        },
        "skill.yaml": {
          "sha256": "00bf607e7bbefc290148cd0a87620a91d2c2b84bd9895686f1dd9eca928954bd",
          "size": 89
        }
      }
    },
    "SHARED/commit-framework": {
      "source": {
        "type": "local",
        "name": "personal",
        "path": "/Users/joe/.skill-sync/skills/SHARED/commit-framework",
        "fetchedAt": "2026-05-06T11:46:32.526Z"
      },
      "installMode": "mirror",
      "files": {
        "SKILL.md": {
          "sha256": "d15f1e51789ca37b41cad8a75edbb1be6dc988e6b4afd19ff7399777718a966d",
          "size": 963
        },
        "skill.yaml": {
          "sha256": "39b007a53d9126d3fe4e8938a67d616a52be210a82ba211753afa92a073d06bd",
          "size": 78
        }
      }
    },
    "SHARED/verify-framework": {
      "source": {
        "type": "local",
        "name": "personal",
        "path": "/Users/joe/.skill-sync/skills/SHARED/verify-framework",
        "fetchedAt": "2026-05-06T11:46:32.527Z"
      },
      "installMode": "mirror",
      "files": {
        "SKILL.md": {
          "sha256": "3e1aae896f720f57445017ef9b69ddd439b581a80ba5d892549a838ed8df239b",
          "size": 608
        },
        "skill.yaml": {
          "sha256": "39b007a53d9126d3fe4e8938a67d616a52be210a82ba211753afa92a073d06bd",
          "size": 78
        }
      }
    },
    "SHARED/research-framework": {
      "source": {
        "type": "local",
        "name": "personal",
        "path": "/Users/joe/.skill-sync/skills/SHARED/research-framework",
        "fetchedAt": "2026-05-06T11:46:32.528Z"
      },
      "installMode": "mirror",
      "files": {
        "SKILL.md": {
          "sha256": "b9a0b7beab49cd4311b9666d4841451f243d29f8d376320d1cdc8fdc9f4430fe",
          "size": 705
        },
        "skill.yaml": {
          "sha256": "39b007a53d9126d3fe4e8938a67d616a52be210a82ba211753afa92a073d06bd",
          "size": 78
        }
      }
    },
    "SHARED/compare-framework": {
      "source": {
        "type": "local",
        "name": "personal",
        "path": "/Users/joe/.skill-sync/skills/SHARED/compare-framework",
        "fetchedAt": "2026-05-06T11:46:32.529Z"
      },
      "installMode": "mirror",
      "files": {
        "SKILL.md": {
          "sha256": "1fec8a2a78e08bcba707dccb5e63edd465b62acdbb2551667f770b6fd6d33a15",
          "size": 1014
        },
        "skill.yaml": {
          "sha256": "39b007a53d9126d3fe4e8938a67d616a52be210a82ba211753afa92a073d06bd",
          "size": 78
        }
      }
    },
    "SHARED/shrink-framework": {
      "source": {
        "type": "local",
        "name": "personal",
        "path": "/Users/joe/.skill-sync/skills/SHARED/shrink-framework",
        "fetchedAt": "2026-05-06T11:46:32.530Z"
      },
      "installMode": "mirror",
      "files": {
        "SKILL.md": {
          "sha256": "9628876855c8ee95b7d2579de39896cf6a94a74e15a33cf0a2bd1522d63b4a44",
          "size": 1524
        },
        "skill.yaml": {
          "sha256": "39b007a53d9126d3fe4e8938a67d616a52be210a82ba211753afa92a073d06bd",
          "size": 78
        }
      }
    },
    "tidy-perms": {
      "source": {
        "type": "local",
        "name": "personal",
        "path": "/Users/joe/.skill-sync/skills/tidy-perms",
        "fetchedAt": "2026-05-06T11:46:32.537Z"
      },
      "installMode": "mirror",
      "files": {
        "SKILL.md": {
          "sha256": "b007c63349e5edb7378c9f82a42591461ed5dc100052a920bfb86022b2721cb3",
          "size": 3048
        }
      }
    },
    "SHARED/context-guide": {
      "source": {
        "type": "local",
        "name": "personal",
        "path": "/Users/joe/.skill-sync/skills/SHARED/context-guide",
        "fetchedAt": "2026-05-06T11:46:32.531Z"
      },
      "installMode": "mirror",
      "files": {
        "SKILL.md": {
          "sha256": "0413953634eccb95c9dafb270f2ff0298940b240d516f1d1d5fee385e006c61d",
          "size": 917
        },
        "skill.yaml": {
          "sha256": "39b007a53d9126d3fe4e8938a67d616a52be210a82ba211753afa92a073d06bd",
          "size": 78
        }
      }
    },
    "SHARED/debug-framework": {
      "source": {
        "type": "local",
        "name": "personal",
        "path": "/Users/joe/.skill-sync/skills/SHARED/debug-framework",
        "fetchedAt": "2026-05-06T11:46:32.532Z"
      },
      "installMode": "mirror",
      "files": {
        "SKILL.md": {
          "sha256": "1964ce9faabda89c45c4eebdceac3ebb5d82e227fb01cf0b3560f2d332a6785f",
          "size": 1962
        },
        "skill.yaml": {
          "sha256": "5a05145cb3c931665ea3b76d47bb4f46d7f33316f525076bdefd0df31cd44afb",
          "size": 123
        }
      }
    },
    "SHARED/slicing-framework": {
      "source": {
        "type": "local",
        "name": "personal",
        "path": "/Users/joe/.skill-sync/skills/SHARED/slicing-framework",
        "fetchedAt": "2026-05-06T11:46:32.533Z"
      },
      "installMode": "mirror",
      "files": {
        "SKILL.md": {
          "sha256": "4660596bd35ffcfc81dece939739c8cc312f38b93f07177f72f08c23a625ae59",
          "size": 745
        },
        "skill.yaml": {
          "sha256": "39b007a53d9126d3fe4e8938a67d616a52be210a82ba211753afa92a073d06bd",
          "size": 78
        }
      }
    },
    "skill-sync": {
      "source": {
        "type": "local",
        "name": "personal",
        "path": "/Users/joe/.skill-sync/skills/skill-sync",
        "fetchedAt": "2026-05-06T11:46:32.536Z"
      },
      "installMode": "mirror",
      "files": {
        "SKILL.md": {
          "sha256": "f3b21bca5abb1ae938fb17a01322f31e57440fc9bf643d4439a60474077cc46b",
          "size": 2780
        },
        "skill.yaml": {
          "sha256": "a65d60707d5db13f2d80a7ecb375cf42d624e393da19fb72956426c32efe007e",
          "size": 167
        }
      }
    },
    "SHARED/plan-deepening-framework": {
      "source": {
        "type": "local",
        "name": "personal",
        "path": "/Users/joe/.skill-sync/skills/SHARED/plan-deepening-framework",
        "fetchedAt": "2026-05-06T11:46:32.538Z"
      },
      "installMode": "mirror",
      "files": {
        "SKILL.md": {
          "sha256": "207dd1ecce97e1ca8f7de470268c96b5b99d98e120f7418a851408076ea866d2",
          "size": 685
        },
        "skill.yaml": {
          "sha256": "39b007a53d9126d3fe4e8938a67d616a52be210a82ba211753afa92a073d06bd",
          "size": 78
        }
      }
    },
    "SHARED/review-protocol": {
      "source": {
        "type": "local",
        "name": "personal",
        "path": "/Users/joe/.skill-sync/skills/SHARED/review-protocol",
        "fetchedAt": "2026-05-06T11:46:32.535Z"
      },
      "installMode": "mirror",
      "files": {
        "SKILL.md": {
          "sha256": "1b0af94ea354cba2499b3d16e4f186ddd9e4e6abed30fd4bafe222992873599b",
          "size": 2056
        },
        "skill.yaml": {
          "sha256": "efe5d79366ee8ff39450f8e68b47c2fcd021f547585d1546a35e3e3f66078545",
          "size": 104
        }
      }
    }
  }
}
